
Microsoft Visual Studio Solution File, Format Version 12.00
# Visual Studio Version 16
VisualStudioVersion = 16.0.29025.244
MinimumVisualStudioVersion = 10.0.40219.1
Project("{8BC9CEB8-8B4A-11D0-8D11-00A0C91BC942}") = "lua", "third_part\lua\lua.vcxproj", "{3029AEE6-5F8B-4CF3-9540-BC0E56E8C7A0}"
EndProject
Project("{8BC9CEB8-8B4A-11D0-8D11-00A0C91BC942}") = "HappyServer", "HappyServer\HappyServer.vcxproj", "{4A568C4D-9B46-4EA6-82F1-B018A33FFBD6}"
	ProjectSection(ProjectDependencies) = postProject
		{AAEA0A08-A7BC-41A2-8EE4-0A32D66BA182} = {AAEA0A08-A7BC-41A2-8EE4-0A32D66BA182}
		{66E3CE14-884D-4AEA-9F20-15A0BEAF8C5A} = {66E3CE14-884D-4AEA-9F20-15A0BEAF8C5A}
		{63234943-427C-4F0A-9D3C-7F2F6724405E} = {63234943-427C-4F0A-9D3C-7F2F6724405E}
		{5777364E-4744-4D8F-8AA7-74E8866C5EEB} = {5777364E-4744-4D8F-8AA7-74E8866C5EEB}
		{B498A64E-A87C-4719-9598-A0717AD1B2FC} = {B498A64E-A87C-4719-9598-A0717AD1B2FC}
		{AECE4E8E-F33E-4363-BC56-791C75743015} = {AECE4E8E-F33E-4363-BC56-791C75743015}
		{128E8BD0-174A-48F0-8771-92B1E8D18713} = {128E8BD0-174A-48F0-8771-92B1E8D18713}
		{AC7D4CD5-0790-4619-9BE0-4F8BA5E8EE65} = {AC7D4CD5-0790-4619-9BE0-4F8BA5E8EE65}
		{27DBBFD5-9D7E-47A8-9DB0-E29D2B528550} = {27DBBFD5-9D7E-47A8-9DB0-E29D2B528550}
		{3029AEE6-5F8B-4CF3-9540-BC0E56E8C7A0} = {3029AEE6-5F8B-4CF3-9540-BC0E56E8C7A0}
		{701A8FFD-8AD7-4578-A9F8-A071D60D2033} = {701A8FFD-8AD7-4578-A9F8-A071D60D2033}
	EndProjectSection
EndProject
Project("{8BC9CEB8-8B4A-11D0-8D11-00A0C91BC942}") = "mime", "third_part\luasocket\mime.vcxproj", "{128E8BD0-174A-48F0-8771-92B1E8D18713}"
	ProjectSection(ProjectDependencies) = postProject
		{3029AEE6-5F8B-4CF3-9540-BC0E56E8C7A0} = {3029AEE6-5F8B-4CF3-9540-BC0E56E8C7A0}
	EndProjectSection
EndProject
Project("{8BC9CEB8-8B4A-11D0-8D11-00A0C91BC942}") = "socket", "third_part\luasocket\socket.vcxproj", "{66E3CE14-884D-4AEA-9F20-15A0BEAF8C5A}"
	ProjectSection(ProjectDependencies) = postProject
		{3029AEE6-5F8B-4CF3-9540-BC0E56E8C7A0} = {3029AEE6-5F8B-4CF3-9540-BC0E56E8C7A0}
	EndProjectSection
EndProject
Project("{8BC9CEB8-8B4A-11D0-8D11-00A0C91BC942}") = "luasql", "third_part\luasql\luasql.vcxproj", "{B498A64E-A87C-4719-9598-A0717AD1B2FC}"
	ProjectSection(ProjectDependencies) = postProject
		{3029AEE6-5F8B-4CF3-9540-BC0E56E8C7A0} = {3029AEE6-5F8B-4CF3-9540-BC0E56E8C7A0}
	EndProjectSection
EndProject
Project("{8BC9CEB8-8B4A-11D0-8D11-00A0C91BC942}") = "lanes", "third_part\lanes\lanes.vcxproj", "{AECE4E8E-F33E-4363-BC56-791C75743015}"
	ProjectSection(ProjectDependencies) = postProject
		{3029AEE6-5F8B-4CF3-9540-BC0E56E8C7A0} = {3029AEE6-5F8B-4CF3-9540-BC0E56E8C7A0}
	EndProjectSection
EndProject
Project("{8BC9CEB8-8B4A-11D0-8D11-00A0C91BC942}") = "lfs", "third_part\lfs\lfs.vcxproj", "{5777364E-4744-4D8F-8AA7-74E8866C5EEB}"
	ProjectSection(ProjectDependencies) = postProject
		{3029AEE6-5F8B-4CF3-9540-BC0E56E8C7A0} = {3029AEE6-5F8B-4CF3-9540-BC0E56E8C7A0}
	EndProjectSection
EndProject
Project("{8BC9CEB8-8B4A-11D0-8D11-00A0C91BC942}") = "md5", "third_part\md5\md5.vcxproj", "{27DBBFD5-9D7E-47A8-9DB0-E29D2B528550}"
	ProjectSection(ProjectDependencies) = postProject
		{3029AEE6-5F8B-4CF3-9540-BC0E56E8C7A0} = {3029AEE6-5F8B-4CF3-9540-BC0E56E8C7A0}
		{701A8FFD-8AD7-4578-A9F8-A071D60D2033} = {701A8FFD-8AD7-4578-A9F8-A071D60D2033}
	EndProjectSection
EndProject
Project("{8BC9CEB8-8B4A-11D0-8D11-00A0C91BC942}") = "des56", "third_part\md5\des56.vcxproj", "{701A8FFD-8AD7-4578-A9F8-A071D60D2033}"
	ProjectSection(ProjectDependencies) = postProject
		{3029AEE6-5F8B-4CF3-9540-BC0E56E8C7A0} = {3029AEE6-5F8B-4CF3-9540-BC0E56E8C7A0}
	EndProjectSection
EndProject
Project("{8BC9CEB8-8B4A-11D0-8D11-00A0C91BC942}") = "pb", "third_part\luaprotobuf\pb.vcxproj", "{AC7D4CD5-0790-4619-9BE0-4F8BA5E8EE65}"
	ProjectSection(ProjectDependencies) = postProject
		{3029AEE6-5F8B-4CF3-9540-BC0E56E8C7A0} = {3029AEE6-5F8B-4CF3-9540-BC0E56E8C7A0}
	EndProjectSection
EndProject
Project("{8BC9CEB8-8B4A-11D0-8D11-00A0C91BC942}") = "cjson", "third_part\luajson\cjson.vcxproj", "{AAEA0A08-A7BC-41A2-8EE4-0A32D66BA182}"
	ProjectSection(ProjectDependencies) = postProject
		{3029AEE6-5F8B-4CF3-9540-BC0E56E8C7A0} = {3029AEE6-5F8B-4CF3-9540-BC0E56E8C7A0}
	EndProjectSection
EndProject
Project("{8BC9CEB8-8B4A-11D0-8D11-00A0C91BC942}") = "luaevent", "third_part\luaevent\luaevent.vcxproj", "{63234943-427C-4F0A-9D3C-7F2F6724405E}"
	ProjectSection(ProjectDependencies) = postProject
		{9E47EDA2-9C28-441C-B714-63CCE88CAF6E} = {9E47EDA2-9C28-441C-B714-63CCE88CAF6E}
		{3029AEE6-5F8B-4CF3-9540-BC0E56E8C7A0} = {3029AEE6-5F8B-4CF3-9540-BC0E56E8C7A0}
	EndProjectSection
EndProject
Project("{8BC9CEB8-8B4A-11D0-8D11-00A0C91BC942}") = "libevent", "third_part\luaevent\libevent\libevent.vcxproj", "{9E47EDA2-9C28-441C-B714-63CCE88CAF6E}"
EndProject
Project("{8BC9CEB8-8B4A-11D0-8D11-00A0C91BC942}") = "luasec", "third_part\luasec\luasec.vcxproj", "{022CEA7C-83F6-4B9F-A8F1-9F8D81BCAF43}"
EndProject
Global
	GlobalSection(SolutionConfigurationPlatforms) = preSolution
		Debug|x64 = Debug|x64
		Debug|x86 = Debug|x86
		Release|x64 = Release|x64
		Release|x86 = Release|x86
	EndGlobalSection
	GlobalSection(ProjectConfigurationPlatforms) = postSolution
		{3029AEE6-5F8B-4CF3-9540-BC0E56E8C7A0}.Debug|x64.ActiveCfg = Debug|x64
		{3029AEE6-5F8B-4CF3-9540-BC0E56E8C7A0}.Debug|x64.Build.0 = Debug|x64
		{3029AEE6-5F8B-4CF3-9540-BC0E56E8C7A0}.Debug|x86.ActiveCfg = Debug|Win32
		{3029AEE6-5F8B-4CF3-9540-BC0E56E8C7A0}.Debug|x86.Build.0 = Debug|Win32
		{3029AEE6-5F8B-4CF3-9540-BC0E56E8C7A0}.Release|x64.ActiveCfg = Release|x64
		{3029AEE6-5F8B-4CF3-9540-BC0E56E8C7A0}.Release|x64.Build.0 = Release|x64
		{3029AEE6-5F8B-4CF3-9540-BC0E56E8C7A0}.Release|x86.ActiveCfg = Release|Win32
		{3029AEE6-5F8B-4CF3-9540-BC0E56E8C7A0}.Release|x86.Build.0 = Release|Win32
		{4A568C4D-9B46-4EA6-82F1-B018A33FFBD6}.Debug|x64.ActiveCfg = Debug|x64
		{4A568C4D-9B46-4EA6-82F1-B018A33FFBD6}.Debug|x64.Build.0 = Debug|x64
		{4A568C4D-9B46-4EA6-82F1-B018A33FFBD6}.Debug|x86.ActiveCfg = Debug|Win32
		{4A568C4D-9B46-4EA6-82F1-B018A33FFBD6}.Debug|x86.Build.0 = Debug|Win32
		{4A568C4D-9B46-4EA6-82F1-B018A33FFBD6}.Release|x64.ActiveCfg = Release|x64
		{4A568C4D-9B46-4EA6-82F1-B018A33FFBD6}.Release|x64.Build.0 = Release|x64
		{4A568C4D-9B46-4EA6-82F1-B018A33FFBD6}.Release|x86.ActiveCfg = Release|Win32
		{4A568C4D-9B46-4EA6-82F1-B018A33FFBD6}.Release|x86.Build.0 = Release|Win32
		{128E8BD0-174A-48F0-8771-92B1E8D18713}.Debug|x64.ActiveCfg = Debug|x64
		{128E8BD0-174A-48F0-8771-92B1E8D18713}.Debug|x64.Build.0 = Debug|x64
		{128E8BD0-174A-48F0-8771-92B1E8D18713}.Debug|x86.ActiveCfg = Debug|Win32
		{128E8BD0-174A-48F0-8771-92B1E8D18713}.Debug|x86.Build.0 = Debug|Win32
		{128E8BD0-174A-48F0-8771-92B1E8D18713}.Release|x64.ActiveCfg = Release|x64
		{128E8BD0-174A-48F0-8771-92B1E8D18713}.Release|x64.Build.0 = Release|x64
		{128E8BD0-174A-48F0-8771-92B1E8D18713}.Release|x86.ActiveCfg = Release|Win32
		{128E8BD0-174A-48F0-8771-92B1E8D18713}.Release|x86.Build.0 = Release|Win32
		{66E3CE14-884D-4AEA-9F20-15A0BEAF8C5A}.Debug|x64.ActiveCfg = Debug|x64
		{66E3CE14-884D-4AEA-9F20-15A0BEAF8C5A}.Debug|x64.Build.0 = Debug|x64
		{66E3CE14-884D-4AEA-9F20-15A0BEAF8C5A}.Debug|x86.ActiveCfg = Debug|Win32
		{66E3CE14-884D-4AEA-9F20-15A0BEAF8C5A}.Debug|x86.Build.0 = Debug|Win32
		{66E3CE14-884D-4AEA-9F20-15A0BEAF8C5A}.Release|x64.ActiveCfg = Release|x64
		{66E3CE14-884D-4AEA-9F20-15A0BEAF8C5A}.Release|x64.Build.0 = Release|x64
		{66E3CE14-884D-4AEA-9F20-15A0BEAF8C5A}.Release|x86.ActiveCfg = Release|Win32
		{66E3CE14-884D-4AEA-9F20-15A0BEAF8C5A}.Release|x86.Build.0 = Release|Win32
		{B498A64E-A87C-4719-9598-A0717AD1B2FC}.Debug|x64.ActiveCfg = Debug|x64
		{B498A64E-A87C-4719-9598-A0717AD1B2FC}.Debug|x64.Build.0 = Debug|x64
		{B498A64E-A87C-4719-9598-A0717AD1B2FC}.Debug|x86.ActiveCfg = Debug|Win32
		{B498A64E-A87C-4719-9598-A0717AD1B2FC}.Debug|x86.Build.0 = Debug|Win32
		{B498A64E-A87C-4719-9598-A0717AD1B2FC}.Release|x64.ActiveCfg = Release|x64
		{B498A64E-A87C-4719-9598-A0717AD1B2FC}.Release|x64.Build.0 = Release|x64
		{B498A64E-A87C-4719-9598-A0717AD1B2FC}.Release|x86.ActiveCfg = Release|Win32
		{B498A64E-A87C-4719-9598-A0717AD1B2FC}.Release|x86.Build.0 = Release|Win32
		{AECE4E8E-F33E-4363-BC56-791C75743015}.Debug|x64.ActiveCfg = Debug|x64
		{AECE4E8E-F33E-4363-BC56-791C75743015}.Debug|x64.Build.0 = Debug|x64
		{AECE4E8E-F33E-4363-BC56-791C75743015}.Debug|x86.ActiveCfg = Debug|Win32
		{AECE4E8E-F33E-4363-BC56-791C75743015}.Debug|x86.Build.0 = Debug|Win32
		{AECE4E8E-F33E-4363-BC56-791C75743015}.Release|x64.ActiveCfg = Release|x64
		{AECE4E8E-F33E-4363-BC56-791C75743015}.Release|x64.Build.0 = Release|x64
		{AECE4E8E-F33E-4363-BC56-791C75743015}.Release|x86.ActiveCfg = Release|Win32
		{AECE4E8E-F33E-4363-BC56-791C75743015}.Release|x86.Build.0 = Release|Win32
		{5777364E-4744-4D8F-8AA7-74E8866C5EEB}.Debug|x64.ActiveCfg = Debug|x64
		{5777364E-4744-4D8F-8AA7-74E8866C5EEB}.Debug|x64.Build.0 = Debug|x64
		{5777364E-4744-4D8F-8AA7-74E8866C5EEB}.Debug|x86.ActiveCfg = Release|Win32
		{5777364E-4744-4D8F-8AA7-74E8866C5EEB}.Debug|x86.Build.0 = Release|Win32
		{5777364E-4744-4D8F-8AA7-74E8866C5EEB}.Release|x64.ActiveCfg = Release|x64
		{5777364E-4744-4D8F-8AA7-74E8866C5EEB}.Release|x64.Build.0 = Release|x64
		{5777364E-4744-4D8F-8AA7-74E8866C5EEB}.Release|x86.ActiveCfg = Release|Win32
		{5777364E-4744-4D8F-8AA7-74E8866C5EEB}.Release|x86.Build.0 = Release|Win32
		{27DBBFD5-9D7E-47A8-9DB0-E29D2B528550}.Debug|x64.ActiveCfg = Debug|x64
		{27DBBFD5-9D7E-47A8-9DB0-E29D2B528550}.Debug|x64.Build.0 = Debug|x64
		{27DBBFD5-9D7E-47A8-9DB0-E29D2B528550}.Debug|x86.ActiveCfg = Debug|Win32
		{27DBBFD5-9D7E-47A8-9DB0-E29D2B528550}.Debug|x86.Build.0 = Debug|Win32
		{27DBBFD5-9D7E-47A8-9DB0-E29D2B528550}.Release|x64.ActiveCfg = Release|x64
		{27DBBFD5-9D7E-47A8-9DB0-E29D2B528550}.Release|x64.Build.0 = Release|x64
		{27DBBFD5-9D7E-47A8-9DB0-E29D2B528550}.Release|x86.ActiveCfg = Release|Win32
		{27DBBFD5-9D7E-47A8-9DB0-E29D2B528550}.Release|x86.Build.0 = Release|Win32
		{701A8FFD-8AD7-4578-A9F8-A071D60D2033}.Debug|x64.ActiveCfg = Debug|x64
		{701A8FFD-8AD7-4578-A9F8-A071D60D2033}.Debug|x64.Build.0 = Debug|x64
		{701A8FFD-8AD7-4578-A9F8-A071D60D2033}.Debug|x86.ActiveCfg = Debug|Win32
		{701A8FFD-8AD7-4578-A9F8-A071D60D2033}.Debug|x86.Build.0 = Debug|Win32
		{701A8FFD-8AD7-4578-A9F8-A071D60D2033}.Release|x64.ActiveCfg = Release|x64
		{701A8FFD-8AD7-4578-A9F8-A071D60D2033}.Release|x64.Build.0 = Release|x64
		{701A8FFD-8AD7-4578-A9F8-A071D60D2033}.Release|x86.ActiveCfg = Release|Win32
		{701A8FFD-8AD7-4578-A9F8-A071D60D2033}.Release|x86.Build.0 = Release|Win32
		{AC7D4CD5-0790-4619-9BE0-4F8BA5E8EE65}.Debug|x64.ActiveCfg = Debug|x64
		{AC7D4CD5-0790-4619-9BE0-4F8BA5E8EE65}.Debug|x64.Build.0 = Debug|x64
		{AC7D4CD5-0790-4619-9BE0-4F8BA5E8EE65}.Debug|x86.ActiveCfg = Debug|Win32
		{AC7D4CD5-0790-4619-9BE0-4F8BA5E8EE65}.Debug|x86.Build.0 = Debug|Win32
		{AC7D4CD5-0790-4619-9BE0-4F8BA5E8EE65}.Release|x64.ActiveCfg = Release|x64
		{AC7D4CD5-0790-4619-9BE0-4F8BA5E8EE65}.Release|x64.Build.0 = Release|x64
		{AC7D4CD5-0790-4619-9BE0-4F8BA5E8EE65}.Release|x86.ActiveCfg = Release|Win32
		{AC7D4CD5-0790-4619-9BE0-4F8BA5E8EE65}.Release|x86.Build.0 = Release|Win32
		{AAEA0A08-A7BC-41A2-8EE4-0A32D66BA182}.Debug|x64.ActiveCfg = Debug|x64
		{AAEA0A08-A7BC-41A2-8EE4-0A32D66BA182}.Debug|x64.Build.0 = Debug|x64
		{AAEA0A08-A7BC-41A2-8EE4-0A32D66BA182}.Debug|x86.ActiveCfg = Debug|Win32
		{AAEA0A08-A7BC-41A2-8EE4-0A32D66BA182}.Debug|x86.Build.0 = Debug|Win32
		{AAEA0A08-A7BC-41A2-8EE4-0A32D66BA182}.Release|x64.ActiveCfg = Release|x64
		{AAEA0A08-A7BC-41A2-8EE4-0A32D66BA182}.Release|x64.Build.0 = Release|x64
		{AAEA0A08-A7BC-41A2-8EE4-0A32D66BA182}.Release|x86.ActiveCfg = Release|Win32
		{AAEA0A08-A7BC-41A2-8EE4-0A32D66BA182}.Release|x86.Build.0 = Release|Win32
		{63234943-427C-4F0A-9D3C-7F2F6724405E}.Debug|x64.ActiveCfg = Debug|x64
		{63234943-427C-4F0A-9D3C-7F2F6724405E}.Debug|x64.Build.0 = Debug|x64
		{63234943-427C-4F0A-9D3C-7F2F6724405E}.Debug|x86.ActiveCfg = Debug|Win32
		{63234943-427C-4F0A-9D3C-7F2F6724405E}.Debug|x86.Build.0 = Debug|Win32
		{63234943-427C-4F0A-9D3C-7F2F6724405E}.Release|x64.ActiveCfg = Release|x64
		{63234943-427C-4F0A-9D3C-7F2F6724405E}.Release|x64.Build.0 = Release|x64
		{63234943-427C-4F0A-9D3C-7F2F6724405E}.Release|x86.ActiveCfg = Release|Win32
		{63234943-427C-4F0A-9D3C-7F2F6724405E}.Release|x86.Build.0 = Release|Win32
		{9E47EDA2-9C28-441C-B714-63CCE88CAF6E}.Debug|x64.ActiveCfg = Debug|x64
		{9E47EDA2-9C28-441C-B714-63CCE88CAF6E}.Debug|x64.Build.0 = Debug|x64
		{9E47EDA2-9C28-441C-B714-63CCE88CAF6E}.Debug|x86.ActiveCfg = Debug|Win32
		{9E47EDA2-9C28-441C-B714-63CCE88CAF6E}.Debug|x86.Build.0 = Debug|Win32
		{9E47EDA2-9C28-441C-B714-63CCE88CAF6E}.Release|x64.ActiveCfg = Release|x64
		{9E47EDA2-9C28-441C-B714-63CCE88CAF6E}.Release|x64.Build.0 = Release|x64
		{9E47EDA2-9C28-441C-B714-63CCE88CAF6E}.Release|x86.ActiveCfg = Release|Win32
		{9E47EDA2-9C28-441C-B714-63CCE88CAF6E}.Release|x86.Build.0 = Release|Win32
		{022CEA7C-83F6-4B9F-A8F1-9F8D81BCAF43}.Debug|x64.ActiveCfg = Debug|x64
		{022CEA7C-83F6-4B9F-A8F1-9F8D81BCAF43}.Debug|x64.Build.0 = Debug|x64
		{022CEA7C-83F6-4B9F-A8F1-9F8D81BCAF43}.Debug|x86.ActiveCfg = Debug|Win32
		{022CEA7C-83F6-4B9F-A8F1-9F8D81BCAF43}.Debug|x86.Build.0 = Debug|Win32
		{022CEA7C-83F6-4B9F-A8F1-9F8D81BCAF43}.Release|x64.ActiveCfg = Release|x64
		{022CEA7C-83F6-4B9F-A8F1-9F8D81BCAF43}.Release|x64.Build.0 = Release|x64
		{022CEA7C-83F6-4B9F-A8F1-9F8D81BCAF43}.Release|x86.ActiveCfg = Release|Win32
		{022CEA7C-83F6-4B9F-A8F1-9F8D81BCAF43}.Release|x86.Build.0 = Release|Win32
	EndGlobalSection
	GlobalSection(SolutionProperties) = preSolution
		HideSolutionNode = FALSE
	EndGlobalSection
	GlobalSection(ExtensibilityGlobals) = postSolution
		SolutionGuid = {E2156925-A7C2-4B88-8527-07062C8F9141}
	EndGlobalSection
EndGlobal
